
Microsoft Visual Studio Solution File, Format Version 12.00
Project("{FAE04EC0-301F-11D3-BF4B-00C04F79EFBC}") = "Autochess", "Autochess\Autochess.csproj", "{0F055645-B76E-47DE-8F96-3E13842597CB}"
EndProject
Project("{FAE04EC0-301F-11D3-BF4B-00C04F79EFBC}") = "AutochessTests", "AutochessTests\AutochessTests.csproj", "{439EB95A-664D-42D5-B544-7BFB4445DB8B}"
EndProject
Global
	GlobalSection(SolutionConfigurationPlatforms) = preSolution
		Debug|Any CPU = Debug|Any CPU
		Release|Any CPU = Release|Any CPU
	EndGlobalSection
	GlobalSection(ProjectConfigurationPlatforms) = postSolution
		{0F055645-B76E-47DE-8F96-3E13842597CB}.Debug|Any CPU.ActiveCfg = Debug|Any CPU
		{0F055645-B76E-47DE-8F96-3E13842597CB}.Debug|Any CPU.Build.0 = Debug|Any CPU
		{0F055645-B76E-47DE-8F96-3E13842597CB}.Release|Any CPU.ActiveCfg = Release|Any CPU
		{0F055645-B76E-47DE-8F96-3E13842597CB}.Release|Any CPU.Build.0 = Release|Any CPU
		{439EB95A-664D-42D5-B544-7BFB4445DB8B}.Debug|Any CPU.ActiveCfg = Debug|Any CPU
		{439EB95A-664D-42D5-B544-7BFB4445DB8B}.Debug|Any CPU.Build.0 = Debug|Any CPU
		{439EB95A-664D-42D5-B544-7BFB4445DB8B}.Release|Any CPU.ActiveCfg = Release|Any CPU
		{439EB95A-664D-42D5-B544-7BFB4445DB8B}.Release|Any CPU.Build.0 = Release|Any CPU
	EndGlobalSection
EndGlobal
