
Microsoft Visual Studio Solution File, Format Version 12.00
Project("{FAE04EC0-301F-11D3-BF4B-00C04F79EFBC}") = "AliceInJpegLand", "AliceInJpegLand\AliceInJpegLand.csproj", "{E806051F-99F0-4D71-B77B-00A83DCB2739}"
EndProject
Project("{FAE04EC0-301F-11D3-BF4B-00C04F79EFBC}") = "GivenTests", "GivenTests\GivenTests.csproj", "{801D9F25-47FA-4F03-B9B8-E2EFC4AFDD46}"
EndProject
Global
	GlobalSection(SolutionConfigurationPlatforms) = preSolution
		Debug|Any CPU = Debug|Any CPU
		Release|Any CPU = Release|Any CPU
	EndGlobalSection
	GlobalSection(ProjectConfigurationPlatforms) = postSolution
		{E806051F-99F0-4D71-B77B-00A83DCB2739}.Debug|Any CPU.ActiveCfg = Debug|Any CPU
		{E806051F-99F0-4D71-B77B-00A83DCB2739}.Debug|Any CPU.Build.0 = Debug|Any CPU
		{E806051F-99F0-4D71-B77B-00A83DCB2739}.Release|Any CPU.ActiveCfg = Release|Any CPU
		{E806051F-99F0-4D71-B77B-00A83DCB2739}.Release|Any CPU.Build.0 = Release|Any CPU
		{801D9F25-47FA-4F03-B9B8-E2EFC4AFDD46}.Debug|Any CPU.ActiveCfg = Debug|Any CPU
		{801D9F25-47FA-4F03-B9B8-E2EFC4AFDD46}.Debug|Any CPU.Build.0 = Debug|Any CPU
		{801D9F25-47FA-4F03-B9B8-E2EFC4AFDD46}.Release|Any CPU.ActiveCfg = Release|Any CPU
		{801D9F25-47FA-4F03-B9B8-E2EFC4AFDD46}.Release|Any CPU.Build.0 = Release|Any CPU
	EndGlobalSection
EndGlobal
